(setq el-get-lock-package-versions
      '((goto-chg :checksum "e5b38e4e1378f6ea48fa9e8439f49c2998654aa4")
        (session :checksum "c1d2dce4bb67f6a6f07a3b27b5225c7f8cc3c4c7")
        (helm-company :checksum "c3c8604a49dda51628b63de0be10130a983d0bc9")
        (smart-mode-line :checksum "1facbe9816b602c640ddb23602e30588d6d904ca")
        (rich-minority :checksum "3201f6e1769beb9f6cbbda392bef99fce337acf4")
        (sky-color-clock :checksum "63aaafb4925cfc86b030555013c4bcc4bf6360dd")
        (symbol-overlay :checksum "305ef1d283923d2b0f1cd751f57f71754ab714e6")
        (magit-popup :checksum "3f23e81eb0267d6578d8f1733c5e42699b0229a1")
        (ghub :checksum "1395d56496c1581dda0c70a091500e2b947b8d35")
        (git-complete :checksum "e989ce06afb543301269e9fc48ae95b436dfcf79")
        (flycheck :checksum "66b0e493fe37d6ed0bb77ec58fa8228cb4047bea")
        (epl :checksum "83797835f729f39b80acba4c7e83d73a2e410e26")
        (el-get-lock :checksum "df8cfe55441695865a64b97946750b6413a40425")
        (haskell-mode :checksum "9ced44c934e9d02dc41ab2f47686cc041f7ae5f5")
        (nginx-mode :checksum "a2bab83c2eb233d57d76b236e7c141c2ccc97005")
        (tide :checksum "10f456fe1e402260bf8cfd3bf4c7bd7637a3cc42")
        (csv-mode :checksum "5fb7759827029caed29523a1b0c3f9e28313762e")
        (deferred :checksum "2239671d94b38d92e9b28d4e12fd79814cfb9c16")
        (dockerfile-mode :checksum "3c6bc90360a2df53caad1721ee4c8285e2e22369")
        (howm :checksum "e0237b07f60011a1926b36848c73340ae46cdb3e")
        (emacs-inertial-scroll :checksum "c0bdcc3f3196610d98ea90210cc16f1e68250d15")
        (emacs-id-manager :checksum "14ebc35db298aac4dedc8aa188bc46bacab81f3b")
        (shut-up :checksum "a4fd18f37e20ae991c0dbba821b2c8e6f1679c39")
        (undo-tree :checksum "e9a9102f515acd7523158f20e83f300600374989")
        (csharp-mode :checksum "331b45df9c6e84601cea323638f82ce5e4a68b03")
        (solarized-emacs :checksum "8aa2ce76327dc7081b1c9a310e858fe2b854d899")
        (dash :checksum "a57c2c335d0527909f472ca51a2201ad44d38aab")
        (with-eval-after-load-feature-el :checksum "0b38651a5f0dafdfe04bd0032eb5ff803e99460b")
        (omnisharp-mode :checksum "ad4a19c60f7dc3d52a5b11febdcc9b78930a1e7d")
        (helm-ls-git :checksum "7b7b6dc2554603ad98412927f84a803625069ab3")
        (magit :checksum "b8d558678821e35450c19e415656e366ebe44c38")
        (karma :checksum "31d3e7708246183d7ed0686be92bf23140af348c")
        (mocha :checksum "55f1e6afd100891ffd7008f5c5efbc5a9ab1c22d")
        (typescript-mode :checksum "0f41709e1525403767bd4889cb913900c68448dd")
        (ac-company :checksum "0db1c9bb6b9be54519d90910f11817178138ac9a")
        (company-mode :checksum "66e43a3a3388c3af3dd851ba0a1f48dcb6efb1ae")
        (highlight-symbol :checksum "7a789c779648c55b16e43278e51be5898c121b3a")
        (csharp :checksum "4516a18c0dd1797a2d1eb2ae3069c0e16efa14a7")
        (helm-swoop :checksum "6d3fdcfb6dea06242efc8ff4cafff9917e558bfc")
        (emacs-async :checksum "424ecd8a28cd59fe7d2de3cb4b37a4224e34c123")
        (pcre2el :checksum "166a10472002010692dbc35f323ffb8110a294c5")
        (ht :checksum "62d77713ecb99871f2b05c111474445c15781164")
        (xcscope :checksum "9dee0f3b20115dfaf9f8486937b4db013ec1903f")
        (s :checksum "2184337a132944f669144d0078d1fa1220012840")
        (f :checksum "fabdbd4a4a8caf8684f0fa656f457a03c5dfa4de")
        (ac-php :checksum "cf9db85af2db9150e9d9b4fecad874e16ce43f0d")
        (smartparens :checksum "1321757dfe774782d13b0c050c292b2477877d0b")
        (sqlite-dump :checksum "044f63a89874d6fcc80fc881ef98ec523120afb7")
        (ddskk :checksum "78798134af82a300e54a5d22d2f10c2885cd11ae")
        (popup :checksum "80829dd46381754639fb764da11c67235fe63282")
        (po-mode :checksum "3c97f0d391751956fdcf9f4c858d45c60405dd35")
        (google-translate :checksum "0e57fc9d040638398a31a5c67ebf88e051c73cf2")
        (id-manager :checksum "22b265b7cb824d7aa30678b871cfd363e6dac01e")
        (edbi :checksum "28ffa730414e00ef8c1032dfbdf692eb70a34277")
        (scratch-pop :checksum "d81b82c1813fa67de60bc01e694765cfa6e35700")
        (popwin :checksum "fe508ce1dc02bfd8b55ca300db3846083854ccef")
        (yasnippet :checksum "75cbf7251b2c041b134f6b0d162dfe911e578b8f")
        (helm-c-yasnippet :checksum "1fa400233ba8e990066c47cca1e2af64bd192d4d")
        (wgrep :checksum "1cdd7c136f1e7565bb13d2df69be3dc77b83698d")
        (helm-descbinds :checksum "5d8e84e6c047ce8a042fdcd827abb421f4848ac7")
        (helm-migemo :checksum "66c6a19d07c6a385daefd2090d0709d26b608b4e")
        (helm :checksum "a5e9a7b7277ecc30fba608a711ac55925e860453")
        (twittering-mode :checksum "63c96fb029033b1a300b90aa922e167c7c405bcb")
        (mew :checksum "ff9c41b981fb6050121a3831825d0349bffeb9ce")
        (yafolding :checksum "0dc48073f429112b51a888e8e9285739435d3c7f")
        (markdown-mode :checksum "ea5549233b3ce1536dae3a4793df79971a3781da")
        (php-completion :checksum "48f689f648ce463fbb92f763f3ab5899573db9fa")
        (php-mode :checksum "0e87a708fb0cf7bb5ad88baf08bd60e061e8b63c")
        (quickrun :checksum "87b34738ea152e6ff173a14f8b42303150c8c031")
        (smartrep :checksum "50ac98e3a0c90616df6219d1e04c91e893fea579")
        (multiple-cursors :checksum "f3daf86bd6c4b373075ab6afc3492675ccc1c558")
        (htmlize :checksum "aa6e2f6dba6fdfa200c7c55efe29ff63380eac8f")
        (visual-regexp :checksum "104d17fc8fd1d3bb8f7823a8bf076dcf6839ba64")
        (yaml-mode :checksum "a87ab367fe0015917a1940b5acd9a581b1631801")
        (web-mode :checksum "e4304bcfa0c5121522ba2a5db75af8a2e4e81246")
        (js2-mode :checksum "558f53f6b6749b09b03b858b0b1dfaeffbba4042")
        (recentf-ext :checksum "95f81dfac24d3f67002024f0a24e6b997bf6d647")
        (el-get :checksum "dfa944ef26802771dca0feea9ea5a17350da9232")
        (ctable :checksum "b8830d1ca95abb100a81bc32011bd17d5ecba000")
        (expand-region :checksum "2357f1d5efd9d5b9e37f3513342237fec2629291")
        (esup :checksum "872861ba1fccec90c32dc18af787b506fb08d7d3")
        (epc :checksum "e1bfa5ca163273859336e3cc89b4b6460f7f8cda")
        (eclim :checksum "3145bb231a1a71d79f05f4a7b38583bf93ea1a61")
        (cp5022x :checksum "ea7327dd75e54539576916f592ae1be98179ae35")
        (auto-save-buffers-enhanced :checksum "461e8c816c1b7c650be5f209078b381fe55da8c6")
        (fuzzy :checksum "534d723ad2e06322ff8d9bd0ba4863d243f698e7")
        (fakir :checksum "1fca406ad7de80fece6319ff75d4230b648534b0")
        (easy-kill :checksum "e2b667f651a3531164d24ea4cbcd8c34fba0e17f")
        (auto-complete :checksum "2e83566ddfa758c69afe50b8a1c62a66f47471e3")
        (dsvn :checksum "87610624d71223f84d30e28908ed6b985b9ce894")
        (auto-async-byte-compile :checksum "fa6e07af93a4ab1c092f7811f3d4732f4874bce3")))
(setq el-get-lock-locked-packages 'nil)
(setq el-get-lock-unlocked-packages 'nil)
