(setq el-get-lock-package-versions
      '((ddskk :checksum "5385c2280d5e0cd321744d070a402908ee50dec7")
        (po-mode :checksum "3c97f0d391751956fdcf9f4c858d45c60405dd35")
        (google-translate :checksum "0e57fc9d040638398a31a5c67ebf88e051c73cf2")
        (id-manager :checksum "22b265b7cb824d7aa30678b871cfd363e6dac01e")
        (edbi :checksum "28ffa730414e00ef8c1032dfbdf692eb70a34277")
        (inertial-scroll :checksum "420f8a2cc2a26753a3094c0ce5e17c4b6e41dbc0")
        (scratch-pop :checksum "d81b82c1813fa67de60bc01e694765cfa6e35700")
        (popwin :checksum "fe508ce1dc02bfd8b55ca300db3846083854ccef")
        (yasnippet :checksum "710ea4d106683bc770597792cdeedfce80551614")
        (helm-c-yasnippet :checksum "1fa400233ba8e990066c47cca1e2af64bd192d4d")
        (wgrep :checksum "8e91b932d9c64c5525a1c0a8c770ec55e213e790")
        (helm-descbinds :checksum "5d8e84e6c047ce8a042fdcd827abb421f4848ac7")
        (helm-cmd-t :checksum "8749f0b2b8527423cd146fa2d5c0e7a9e159eefb")
        (helm-gtags :checksum "32cfa7f7683c4eb4826242529550ff75fd34c0b8")
        (helm-ack :checksum "889bc225318d14c6e3be80e73b1d9d6fb30e48c3")
        (helm-ag :checksum "5a87453e8df894c348213b8a228427d959e8dcaf")
        (helm-migemo :checksum "66c6a19d07c6a385daefd2090d0709d26b608b4e")
        (helm :checksum "544d850d41fd4aff252b38115278a99b716dc9ba")
        (twittering-mode :checksum "97197cdd3cc005000dc2599f67c754d74fab5972")
        (mew :checksum "ff9c41b981fb6050121a3831825d0349bffeb9ce")
        (yafolding :checksum "0dc48073f429112b51a888e8e9285739435d3c7f")
        (markdown-mode :checksum "dea0ae2d52ccd3a92b9e932f258ed7eddfd9b58d")
        (php-completion :checksum "48f689f648ce463fbb92f763f3ab5899573db9fa")
        (php-mode :checksum "9b1e7736ce014f26f40635af3c781127a5e32dfa")
        (quickrun :checksum "87b34738ea152e6ff173a14f8b42303150c8c031")
        (howm :checksum "37733b47cc76e29e717cee2287d8022e80ca7798")
        (smartrep :checksum "50ac98e3a0c90616df6219d1e04c91e893fea579")
        (multiple-cursors :checksum "f3daf86bd6c4b373075ab6afc3492675ccc1c558")
        (session :checksum "1f3d526692eaf252ec57cf55dff38282b62e4852")
        (htmlize :checksum "aa6e2f6dba6fdfa200c7c55efe29ff63380eac8f")
        (mmm-mode :checksum "c28501c0fea2b1902a844b00aa11787618aa2d88")
        (visual-regexp :checksum "104d17fc8fd1d3bb8f7823a8bf076dcf6839ba64")
        (goto-chg :checksum "50e58f9e6bb0b8b8e3a24ed817ff78512a770448")
        (migemo :checksum "c2240afa9afc0f003bb1d846710505e8e8e38169")
        (yaml-mode :checksum "a87ab367fe0015917a1940b5acd9a581b1631801")
        (web-mode :checksum "8cad2b7ef530df7337b4ed09ab1fc88619626970")
        (js2-mode :checksum "40c2ab5774d53433cc20c75f9c534b35d7de4edc")
        (recentf-ext :checksum "495bfe07e8a759f1e6dfbd45e62ae2f72404ff79")
        (magit :checksum "acce5dad66a21f4fe7e8e7295cb2ea9a6f2873ac")
        (el-get :checksum "7e3118ae2753451a1636e61a8ec866ef843e82c3")
        (dash :checksum "2b69c146e419bebd495cd1ed9b1392f753ffb924")
        (ctable :checksum "270a5da27ba55e47e5bb9243746cca5fdc6a4f5e")
        (csv-mode :checksum "9b0166c87c02863a873f8c64236ea2e260122f33")
        (expand-region :checksum "12df090001782a64efc791d03502f719d4b2f4a7")
        (esup :checksum "872861ba1fccec90c32dc18af787b506fb08d7d3")
        (epc :checksum "3b226434a28300311b9f8e8d19f6d17c66b48058")
        (eclim :checksum "3145bb231a1a71d79f05f4a7b38583bf93ea1a61")
        (deferred :checksum "1654b7c7fec8fd3e4088596e6525d8a9d0a0253e")
        (csharp-mode :checksum "c2188b12bfa7622f31c5ef57002d71fbe0244c21")
        (cp5022x :checksum "ea7327dd75e54539576916f592ae1be98179ae35")
        (auto-save-buffers-enhanced :checksum "caf594120781a323ac37eab82bcf87f1ed4c9c42")
        (fuzzy :checksum "b430d88acae151af542df2449fb7551b621840a1")
        (fakir :checksum "1fca406ad7de80fece6319ff75d4230b648534b0")
        (emacs-color-theme-solarized :checksum "412713a0fcedd520d208a7b783fea03d710bcc61")
        (el-get-lock :checksum "046ffb568c6964ea30813338234aea2d60a5c632")
        (easy-kill :checksum "70563762a71426b80192eac4c1a9f5c2c2c829e2")
        (auto-complete :checksum "b51d6e78990cd70f95129e4947c8f6512ca7c0a2")
        (dsvn :checksum "87610624d71223f84d30e28908ed6b985b9ce894")
        (auto-async-byte-compile :checksum "d2efc5b8bd160bdee8098351d601aa21b7ee4cd9")))
(setq el-get-lock-locked-packages 'nil)
(setq el-get-lock-unlocked-packages 'nil)
