(setq el-get-lock-package-versions
      '((howm :checksum "c11a6b7ad3d683d2910572fa7f2a87ffdf503317")
        (recentf-ext :checksum "95f81dfac24d3f67002024f0a24e6b997bf6d647")
        (plantuml-mode :checksum "ea45a13707abd2a70df183f1aec6447197fc9ccc")
        (emacs-libvterm :checksum "a3fadd28370aa43f03d4f7b197be8fa074f311f5")
        (po-mode :checksum "3c97f0d391751956fdcf9f4c858d45c60405dd35")
        (nginx-mode :checksum "a2bab83c2eb233d57d76b236e7c141c2ccc97005")
        (emacs-id-manager :checksum "bbccd544fd1ced59a605b3814480cef7cc3b9afa")
        (sqlite-dump :checksum "ca0bc945cd2dc5db6a5e27ec01ae77e1c3a83fa5")
        (emacs-inertial-scroll :checksum "c0bdcc3f3196610d98ea90210cc16f1e68250d15")
        (scratch-pop :checksum "cbe842fd78e4b742ece9fc493ebf43e69d872866")
        (auto-save-buffers-enhanced :checksum "461e8c816c1b7c650be5f209078b381fe55da8c6")
        (popwin :checksum "215d6cb509b11c63394a20666565cd9e9b2c2eab")
        (twittering-mode :checksum "114891e8fdb4f06b1326a6cf795e49c205cf9e29")
        (mew :checksum "8c6bc6bf9562beb74b3b4fda47b2fe473139eb1c")
        (dockerfile-mode :checksum "58b7380189de21496235382900838aa0db2dcf92")
        (lsp-haskell :checksum "7efbef3d206989faa8b691a4230a3ed872542187")
        (haskell-mode :checksum "3a019e65b504861d7ea23afbfecd14e5ef63e846")
        (omnisharp-emacs :checksum "8ec59296b2e2a12d8ea146fb7056091fbb7bdd10")
        (csharp-mode :checksum "09b4d57d020a97e1696e89baa6d9855ff5c86014")
        (shut-up :checksum "081d6b01e3ba0e60326558e545c4019219e046ce")
        (csv-mode :checksum "af8c6b7aa96bbfc40b457694927535a4482f7f75")
        (groovy-mode :checksum "26da902d1158c0312628d57578109be54eca2415")
        (phpstan :checksum "6863a5278fc656cddb604b0c6e165f05d0171d0a")
        (phpactor :checksum "62d2372ea55c0c5fb4e77076988472ebb5d85f24")
        (composer :checksum "7c7f89df226cac69664d7eca5e913b544dc475c5")
        (php-skeleton :checksum "208202c772be1320857d7b1ade9be28a8ddb35e5")
        (php-runtime :checksum "017e0e70f07d6b25e37d5c5f4d271a914b677631")
        (yaml-mode :checksum "fc5e1c58f94472944c4aa838f00f6adcac6fa992")
        (web-mode :checksum "9fdbfa0eeee40e4a3bcf990c81203dce7e028c67")
        (company-web :checksum "f0cc9187c9c34f72ad71f5649a69c74f996bae9a")
        (web-completion-data :checksum "c272c94e8a71b779c29653a532f619acad433a4f")
        (tide :checksum "7f7334b42a40dd3093b830e887c36cdb4ef40858")
        (typescript-mode :checksum "1043025d42602d560949955410d3afa2562130ee")
        (json-mode :checksum "0e819e519ae17a2686e0881c4ca51fa873fa9b83")
        (json-snatcher :checksum "b28d1c0670636da6db508d03872d96ffddbc10f2")
        (json-reformat :checksum "8eb6668ed447988aea06467ba8f42e1f2178246f")
        (js2-mode :checksum "29979e5f3301796ba606759e39ee0b1b6a2a24f3")
        (eldoc-box :checksum "c1a1b77ec0c7fff9ecf7122d10dcd16eebcd3829")
        (company-lsp :checksum "f921ffa0cdc542c21dc3dd85f2c93df4288e83bd")
        (lsp-ui :checksum "732992aa41bb78b7341e28c980817de488b7a317")
        (lsp-java :checksum "e56fb65bf17af46fa13d4527530c491dd798edcd")
        (dap-mode :checksum "5450af5c1cc7c46b1ecd47e9ba1ec2de9f62f9d9")
        (tree-mode :checksum "56a765fe2023909b37d430ab1fc70963fb41c845")
        (lsp-treemacs :checksum "10c34fc213f9aff29b5fe86b26bfc216b14c631e")
        (lsp-mode :checksum "3ca25e61b419c4419a345d43594338b8f2ff295e")
        (posframe :checksum "3454a4cb9d218c38f9c5b88798dfb2f7f85ad936")
        (bui :checksum "f3a137628e112a91910fd33c0cff0948fa58d470")
        (treemacs :checksum "332d4e0f1f606c472dd083c9cdd4f143ee23020a")
        (ace-window :checksum "c7cb315c14e36fded5ac4096e158497ae974bec9")
        (avy :checksum "e92cb37457b43336b765630dbfbea8ba4be601fa")
        (hydra :checksum "2d553787aca1aceb3e6927e426200e9bb9f056f1")
        (pfuture :checksum "d7926de3ba0105a36cfd00811fd6278aea903eef")
        (flycheck :checksum "01396a5eff9fa494285e0d3139838231c05e3948")
        (pkg-info :checksum "76ba7415480687d05a4353b27fea2ae02b8d9d61")
        (epl :checksum "78ab7a85c08222cd15582a298a364774e3282ce6")
        (ht :checksum "c4c1be487d6ecb353d07881526db05d7fc90ea87")
        (spinner :checksum "d15e7a7b6395be69acda9d6464acc81d3e2ad07d")
        (request :checksum "996a87dd8bcbf8728ac849cdb29f3379f63069d9")
        (deferred :checksum "2239671d94b38d92e9b28d4e12fd79814cfb9c16")
        (markdown-mode :checksum "d8267c17eb14d3db2ebd079094df524b547607b1")
        (company-box :checksum "ec8f44674dc10dd4d50785a1f97820b29d392ea2")
        (company-mode :checksum "5c25e114c3ac1bee3671abd47f46592a3151d549")
        (helm-swoop :checksum "1f7d3cf0d742b199e4ce13fcb8b19c977a44611e")
        (wgrep :checksum "f0ef9bfa44db503cdb2f83fcfbd2fa4e2382ef1f")
        (helm-descbinds :checksum "b72515982396b6e336ad7beb6767e95a80fca192")
        (helm-ls-git :checksum "4da1a53f2f0a078ee2e896a914a1b19c0bf1d5ed")
        (helm :checksum "df4f34bc1d6d6478ad8ee543c358314da040fbe1")
        (magit :checksum "47c57839b80c05f792de288da050fabac90639d6")
        (with-editor :checksum "2848a90addae086b657605b84a7fbecf2c4c1c65")
        (transient :checksum "94582a3fd96450072ab1b7a4e65802dbdb00aebc")
        (smart-jump :checksum "947499023b7c31b99fc172e2a4c1a105ad9c8555")
        (dumb-jump :checksum "ff9fc9360d39f5e07c1f480f8b0656b49606781b")
        (popup :checksum "bd5a0df7e5bc68af46eef37afe9e80764a1d4fd8")
        (multiple-cursors :checksum "a9d7764f80b241978f3d4e76bc981ef10bab5d70")
        (expand-region :checksum "ea6b4cbb9985ddae532bd2faf9bb00570c9f2781")
        (session :checksum "c1d2dce4bb67f6a6f07a3b27b5225c7f8cc3c4c7")
        (yasnippet-snippets :checksum "899c027f442587e0f8ef90761f58b27907ca64b4")
        (yasnippet :checksum "5cbdbf0d2015540c59ed8ee0fcf4788effdf75b6")
        (easy-kill :checksum "2a6309d98aa6b71df6bbbcdf15cab3187c521a6b")
        (visual-regexp :checksum "3e3ed81a3cbadef1f1f4cb16f9112a58641d70ca")
        (migemo :checksum "f756cba3d5268968da361463c2e29b3a659a3de7")
        (prettier-js :checksum "e9b73e81d3e1642aec682195f127a42dfb0b5774")
        (editorconfig :checksum "f830b86316338fcc5b26a07eaeab6c34104b9ddc")
        (emacs-async :checksum "d7e7f79ee42311a0187aa2ab4f4e2f8843fa28da")
        (symbol-overlay :checksum "5bcd6d7e3f3b6501ccec3e6c378f33f7e7488c99")
        (doom-modeline :checksum "116c733fd580f729e275d3b6b3954667d5dfdd5a")
        (eldoc-eval :checksum "f6e639047d9b3695877e63dd3de8f24e704d6d23")
        (shrink-path :checksum "9d06c453d1537df46a4b703a29213cc7f7857aa0")
        (f :checksum "c4dbf8c8e83df834f5d6f72cd5649b9d8a8812ec")
        (s :checksum "43ba8b563bee3426cead0e6d4ddc09398e1a349d")
        (dash :checksum "be4e939b8982fa9a6ac5286027ea8ae1ff9b9b19")
        (doom-themes :checksum "30b1c94f5d2953dec8faec29915f62f9fa8cf71b")
        (all-the-icons :checksum "2f5ea7259ed104a0ef8727f640ee2525108038d5")
        (memoize :checksum "51b075935ca7070f62fae1d69fe0ff7d8fa56fdd")
        (ddskk :checksum "1cd0f65e4e116aaa1dddce98e95ce79911ff85ac")
        (cp5022x :checksum "ea7327dd75e54539576916f592ae1be98179ae35")
        (with-eval-after-load-feature-el :checksum "0b38651a5f0dafdfe04bd0032eb5ff803e99460b")
        (el-get-lock :checksum "df8cfe55441695865a64b97946750b6413a40425")))
(setq el-get-lock-locked-packages 'nil)
(setq el-get-lock-unlocked-packages 'nil)
