(setq el-get-lock-package-versions
      '((magit :checksum "b828afbb4b45641998fb6483a08effb1efb214e1")
        (gcmh :checksum "0089f9c3a6d4e9a310d0791cf6fa8f35642ecfd9")
        (auto-save-buffers-enhanced :checksum
                                    "461e8c816c1b7c650be5f209078b381fe55da8c6")
        (recentf-ext :checksum
                     "95f81dfac24d3f67002024f0a24e6b997bf6d647")
        (wakatime-mode :checksum
                       "1c5b2254dd72f2ff504d6a6189a8c10be03a98d1")
        (ebuild-mode :checksum
                     "ae18a2d8cae2f7b3260a64b41fb7f613264c5eb4")
        (terraform-mode :checksum
                        "01635df3625c0cec2bb4613a6f920b8569d41009")
        (hcl-mode :checksum "ec27736c4c16fbf7f1ecab0210ec3c71ac2406fa")
        (fosi :checksum "c1d5ed6bc4c6c1e5d8c14c21ff0d6234e65bc83a")
        (mermaid-mode :checksum
                      "9535d513b41ed11bcd91f644815e2db6430c1560")
        (po-mode :checksum "3c97f0d391751956fdcf9f4c858d45c60405dd35")
        (nginx-mode :checksum
                    "c4ac5de975d65c84893a130a470af32a48b0b66c")
        (sqlite-dump :checksum
                     "ca0bc945cd2dc5db6a5e27ec01ae77e1c3a83fa5")
        (popwin :checksum "a67656acc019987e2e20edf70a40fa539887b3d7")
        (mew :checksum "e50839aebada2eef2acefcadd1e5e68550dba672")
        (oauth2 :checksum "dc9f76dee716bad30395f079dd8dee85dce138c4")
        (dockerfile-mode :checksum
                         "8135740bfc6ad96ab82d39d9fe68dbce56180f4c")
        (haskell-mode :checksum
                      "bd89438b0e6e6b6877d635699e265da85e85ca06")
        (emacs-fsharp-mode :checksum
                           "c0f4df474731bf1a75735af121ea47e9238ccb88")
        (csv-mode :checksum "ba5dc934b9dbdc2b57ab1917a669cdfd7d1838d3")
        (groovy-mode :checksum
                     "7b8520b2e2d3ab1d62b35c426e17ac25ed0120bb")
        (bui :checksum "f3a137628e112a91910fd33c0cff0948fa58d470")
        (phpstan :checksum "07ef7531f2ec73b90a965ac865cca8c96086f9de")
        (composer :checksum "eba6b953a4a68bc22b957d59eb3159c6d5cff39d")
        (php-skeleton :checksum
                      "c55f635703fd692cccc2c97cc3c89ada31fa9bea")
        (php-runtime :checksum
                     "c7f04e826893ff5c453a7df0cbc10b942e2b443f")
        (yaml-mode :checksum
                   "d91f878729312a6beed77e6637c60497c5786efa")
        (web-mode :checksum "b9c351e75ae9fc19a026b4386f15c46264bc4520")
        (jq-mode :checksum "39acc77a63555b8556b8163be3d9b142d173c795")
        (lsp-bridge :checksum
                    "426794a45b57d923129dfa1e4ca07c34aa72e69c")
        (posframe :checksum "f8c3e56189a1b5d88f9729d560fb6b5a8a383abc")
        (flycheck :checksum "672ed3d35c7d0a386aa755bae15bb143f356923a")
        (ht :checksum "1c49aad1c820c86f7ee35bf9fff8429502f60fef")
        (spinner :checksum "d4647ae87fb0cd24bc9081a3d287c860ff061c21")
        (request :checksum "c22e3c23a6dd90f64be536e176ea0ed6113a5ba6")
        (deferred :checksum "2239671d94b38d92e9b28d4e12fd79814cfb9c16")
        (frame-local :checksum
                     "7ee1106c3bcd4022f48421f8cb1ef4f995da816e")
        (sudo-edit :checksum
                   "74eb1e6986461baed9a9269566ff838530b4379b")
        (consult-tramp :checksum
                       "befa62baca768caa457b167e773b91f1bc7d661f")
        (consult-dir :checksum
                     "1497b46d6f48da2d884296a1297e5ace1e050eb5")
        (consult-flycheck :checksum
                          "062e223bc6cf5f2126d7a107a35069c33c018c36")
        (consult-ls-git :checksum
                        "85882e4b7af9ad40160d985e42b36b0fd6400ead")
        (vertico :checksum "8cff876a15203d24c42e19585fe6dcce8f735bbe")
        (embark :checksum "1371a1e33e3a3d96557beb28dccf1fa762f6ae22")
        (orderless :checksum
                   "9cf1c90e2501566ceba59f3220b4630995004efd")
        (marginalia :checksum
                    "f4058af89839566495d6037d35489da6eee45250")
        (consult :checksum "00f9def284f8394298da18bedb43fc72ac92f247")
        (wgrep :checksum "49f09ab9b706d2312cab1199e1eeb1bcd3f27f6f")
        (howm :checksum "d1431c9e678de6e0c179b2a2bf405e8804472fee")
        (with-editor :checksum
                     "72e80f1236237f346d9692ab8e793798b8c038c5")
        (transient :checksum
                   "88ff8d66637ad6e212e979f5c03b64be0740b693")
        (cond-let :checksum "288b7d36563223ebaf64cb220a3b270bdffb63f1")
        (llama :checksum "e4803de8ab85991b6a944430bb4f543ea338636d")
        (copilot-chat.el :checksum
                         "1bded1dbe4e8044913fec3db5cc68bc710d55344")
        (poly-markdown :checksum
                       "2eb00d1d07a9dd5d94c5c12c27714e095b3b142a")
        (markdown-mode :checksum
                       "b524618c3ed28906a7522482727f121428ce7e2e")
        (polymode :checksum "25ba9463a443f0e904147138f226284e437248d3")
        (copilot :checksum "8e43edf1f3efe094ea42a21863b3b742a339742c")
        (shell-maker :checksum
                     "a83134afe5404b4c82e871389ab4ab0a01104d53")
        (tree-mode :checksum
                   "b06078826d5875d74b0e7b7ac47b0d0917610534")
        (smart-jump :checksum
                    "3392eb35e3cde37e6f5f2a48dc0db15ca535143c")
        (dumb-jump :checksum
                   "0632bdb4186cb0b58199679bfa5e64a5b409be22")
        (popup :checksum "b189a4e8ccf18356395878c3d38a23df834d3898")
        (multiple-cursors :checksum
                          "9017f3be6b00c1d82e33409db4a178133fb39d47")
        (expand-region :checksum
                       "351279272330cae6cecea941b0033a8dd8bcc4e8")
        (yasnippet-snippets :checksum
                            "182a43cb937d98847448c17466eed224d8893930")
        (yasnippet :checksum
                   "c1e6ff23e9af16b856c88dfaab9d3ad7b746ad37")
        (easy-kill :checksum
                   "de7d66c3c864a4722a973ee9bc228a14be49ba0c")
        (undo-tree :checksum
                   "f55637665de4dc1f3d8cae28f456a84b3a5655f8")
        (visual-regexp :checksum
                       "48457d42a5e0fe10fa3a9c15854f1f127ade09b5")
        (migemo :checksum "c0d84b4092ddade01110ba875559bfd454862ac2")
        (terminal-here :checksum
                       "7caa4d5a90d442b15fccdeff80d51f8837fe74ed")
        (emacs-sql-indent :checksum
                          "2ed4c6a26b8f3d651ac6231eaafb2565d77c918b")
        (prettier-js :checksum
                     "6c074e43423e9d6c606f89c2e31a239aae9c0eca")
        (symbol-overlay :checksum
                        "6151f4279bd94b5960149596b202cdcb45cacec2")
        (doom-modeline :checksum
                       "20de9feaa0ba3cb498cb9b06de9877ab41928747")
        (eldoc-eval :checksum
                    "e91800503c90cb75dc70abe42f1d6ae499346cc1")
        (nerd-icons.el :checksum
                       "940b28d3dbd134696ef448e906e42a87a9d61e20")
        (shrink-path :checksum
                     "0bf09bf4d4a90ca183a8806271740239d3ae6703")
        (f :checksum "931b6d0667fe03e7bf1c6c282d6d8d7006143c52")
        (s :checksum "dda84d38fffdaf0c9b12837b504b402af910d01d")
        (dash :checksum "fb443e7a6e660ba849cafcd01021d9aac3ac6764")
        (doom-themes :checksum
                     "376cf4bdd7d296a3da94aa9a6c68761e7c38a252")
        (all-the-icons :checksum
                       "4778632b29c8c8d2b7cd9ce69535d0be01d846f9")
        (memoize :checksum "51b075935ca7070f62fae1d69fe0ff7d8fa56fdd")
        (ultra-scroll :checksum
                      "19fd73e0ee71558c7770d8daecdbe1793d54c9ae")
        (ddskk :checksum "f81ed803e617ccd8175d4bf57a3062bc5ffe1945")
        (cp5022x :checksum "ea7327dd75e54539576916f592ae1be98179ae35")
        (compat :checksum "ad6a2b82f7bc2ea698b9684501963dfa71ffdc27")))
(setq el-get-lock-locked-packages 'nil)
(setq el-get-lock-unlocked-packages '(seq el-get))
