(setq el-get-lock-package-versions
      '((gcmh :checksum "0089f9c3a6d4e9a310d0791cf6fa8f35642ecfd9")
        (with-eval-after-load-feature-el :checksum "0b38651a5f0dafdfe04bd0032eb5ff803e99460b")
        (forge :checksum "9556d3b4c20bf405390d0931d77c9f012f8e843f")
        (closql :checksum "87d2edae8bc3d390bcfc5e909e9c13ff9fce994a")
        (esqlite :checksum "08a779a821f8d32c1a1985d8d9eb6cf21646ce2e")
        (pcsv :checksum "798e0933f8d0818beb17aebf3b1056bbf74e03d0")
        (ghub :checksum "4e5bb75305a763ef9ccfc1971b3cba4520f290d7")
        (treepy :checksum "3ac940e97f3d03e48ca9d7fcd74916a9b01c72f3")
        (emacsql :checksum "373975cbccf7776af771e23f86043b236a330702")
        (yaml :checksum "73fde9d8fbbaf2596449285df9eb412ae9dd74d9")
        (mermaid-mode :checksum "562ffe86cad91627e2b94b8684818562c3ad2b5d")
        (tree-mode :checksum "b06078826d5875d74b0e7b7ac47b0d0917610534")
        (with-editor :checksum "f514f23258af67a10fc8e1c431bfe94702b6e65b")
        (terminal-here :checksum "e0e89344624fadf080f6770132ebdd7991355fdd")
        (emacs-sql-indent :checksum "0d2b3c9b0ef5f629c5b9f9eab248a4a01f71b1cc")
        (editorconfig :checksum "2ab86dc9a8ed7a669ca348252d4af46522b5c411")
        (recentf-ext :checksum "95f81dfac24d3f67002024f0a24e6b997bf6d647")
        (plantuml-mode :checksum "5889166b6cfe94a37532ea27fc8de13be2ebfd02")
        (po-mode :checksum "3c97f0d391751956fdcf9f4c858d45c60405dd35")
        (nginx-mode :checksum "a2bab83c2eb233d57d76b236e7c141c2ccc97005")
        (emacs-id-manager :checksum "bbccd544fd1ced59a605b3814480cef7cc3b9afa")
        (sqlite-dump :checksum "ca0bc945cd2dc5db6a5e27ec01ae77e1c3a83fa5")
        (emacs-inertial-scroll :checksum "c0bdcc3f3196610d98ea90210cc16f1e68250d15")
        (scratch-pop :checksum "cbe842fd78e4b742ece9fc493ebf43e69d872866")
        (auto-save-buffers-enhanced :checksum "461e8c816c1b7c650be5f209078b381fe55da8c6")
        (popwin :checksum "1184368d3610bd0d0ca4a3db4068048c562c2b50")
        (twittering-mode :checksum "114891e8fdb4f06b1326a6cf795e49c205cf9e29")
        (mew :checksum "fc4bca6d95d8b8d5e169ecf1433d968c2eec299d")
        (dockerfile-mode :checksum "83bc055f5bcafabd3a10655a193fe8fe8b886867")
        (lsp-haskell :checksum "4e62cf897dd9e9fcef25c6e8e483490a07a5d439")
        (haskell-mode :checksum "8402caa341d90b4236f5c0a802751f9023ccfbe7")
        (csharp-mode :checksum "4a5114abe76b1e3859fcfe0f5b35b53f57343d47")
        (csv-mode :checksum "c79f500329164f2ba1af11e98733215a4b3d8284")
        (groovy-mode :checksum "84f89b68ec8f79bce0b3f5b29af155a85124e3a6")
        (phpstan :checksum "0869b152f82a76138daa53e953285936b9d558bd")
        (phpactor :checksum "272217fbb6b7e7f70615fc518d77c6d75f33a44f")
        (composer :checksum "7c7f89df226cac69664d7eca5e913b544dc475c5")
        (php-skeleton :checksum "208202c772be1320857d7b1ade9be28a8ddb35e5")
        (php-runtime :checksum "017e0e70f07d6b25e37d5c5f4d271a914b677631")
        (php-mode :checksum "4503672471b8fdaaea6c454344817a119c87fcc6")
        (yaml-mode :checksum "63b637f846411806ae47e63adc06fe9427be1131")
        (web-mode :checksum "9fdbfa0eeee40e4a3bcf990c81203dce7e028c67")
        (company-web :checksum "f0cc9187c9c34f72ad71f5649a69c74f996bae9a")
        (web-completion-data :checksum "c272c94e8a71b779c29653a532f619acad433a4f")
        (tide :checksum "28137ed904deb143dba8f8f67660966e11921c6d")
        (typescript-mode :checksum "c9b22f5f338c4efa138a79d551c4cc4a9e9e7826")
        (json-mode :checksum "eedb4560034f795a7950fa07016bd4347c368873")
        (json-snatcher :checksum "b28d1c0670636da6db508d03872d96ffddbc10f2")
        (json-reformat :checksum "8eb6668ed447988aea06467ba8f42e1f2178246f")
        (js2-mode :checksum "e6a9059fc823a17496e1a5114652d92a9071a78f")
        (lsp-ui :checksum "d8cce7dc154aa3216c080dd5c6fb827bdba9a312")
        (lsp-java :checksum "b3f2081158284c77665a0dd5e9f815535ff080b3")
        (dap-mode :checksum "1cddcedf9ab57a2c14a5ec50b6907b866920f42e")
        (lsp-treemacs :checksum "9859326df6b8e8c954a3c227e53b6878e54aaae8")
        (lsp-mode :checksum "a0e1210f626cb7b5db16a9454d3bf61322d299df")
        (posframe :checksum "f97c4aff2c2c376ca62276d5597aa108546633a9")
        (bui :checksum "f3a137628e112a91910fd33c0cff0948fa58d470")
        (treemacs :checksum "935ee46b67e651b77569d5e94162a0eabb6ea300")
        (ace-window :checksum "c7cb315c14e36fded5ac4096e158497ae974bec9")
        (avy :checksum "e92cb37457b43336b765630dbfbea8ba4be601fa")
        (hydra :checksum "2d553787aca1aceb3e6927e426200e9bb9f056f1")
        (pfuture :checksum "d7926de3ba0105a36cfd00811fd6278aea903eef")
        (flycheck :checksum "784f184cdd9f9cb4e3dbb997c09d93e954142842")
        (pkg-info :checksum "76ba7415480687d05a4353b27fea2ae02b8d9d61")
        (epl :checksum "78ab7a85c08222cd15582a298a364774e3282ce6")
        (ht :checksum "c4c1be487d6ecb353d07881526db05d7fc90ea87")
        (spinner :checksum "bca794fa6f6b007292cdac9b0a850a3711986db5")
        (request :checksum "68003b3f859724de621d0e5a8b0aae51ce708d1e")
        (deferred :checksum "2239671d94b38d92e9b28d4e12fd79814cfb9c16")
        (markdown-mode :checksum "862ae8addd29bf6affca1a35fd0176cb0c1392da")
        (company-box :checksum "156f65cfbf690ed84e0e84f90277d665d873ff24")
        (frame-local :checksum "7ee1106c3bcd4022f48421f8cb1ef4f995da816e")
        (company-mode :checksum "4c08ef468678bbf3b3c9e750f6e694eea1aa8423")
        (helm-swoop :checksum "1b3285791f1dc1fde548fe67aec07214d698fd57")
        (wgrep :checksum "f9687c28bbc2e84f87a479b6ce04407bb97cfb23")
        (helm-descbinds :checksum "b72515982396b6e336ad7beb6767e95a80fca192")
        (helm-ls-git :checksum "ae2202fbbbe11873ad4b393a6959da50ac250c1e")
        (helm :checksum "4e99cc8ef66aac2d824c456f58abe833be26c99d")
        (howm :checksum "bac98b873d07baf039fe252b9d67f71c235dca06")
        (magit :checksum "348d9b98614c824be3e2f05eef5ab91d67f6695e")
        (transient :checksum "45975c24e1ab08bb32e9bdc06f5c5efe7c256e16")
        (smart-jump :checksum "3392eb35e3cde37e6f5f2a48dc0db15ca535143c")
        (dumb-jump :checksum "f3176fbf9c11b94cf05bd8279399d9536115ff3c")
        (popup :checksum "cf899f8012f4189e76a009bebb589ff71631b1e9")
        (multiple-cursors :checksum "588daf8c520f4545323e36b8900f02693ddcf5d3")
        (expand-region :checksum "95a773bd8f557cbd43d3b2dab2fa4417ec5927ab")
        (session :checksum "c1d2dce4bb67f6a6f07a3b27b5225c7f8cc3c4c7")
        (yasnippet-snippets :checksum "f50b4c16ca2a73fd04ebd301f0bf2f5ab6107d88")
        (yasnippet :checksum "5cbdbf0d2015540c59ed8ee0fcf4788effdf75b6")
        (easy-kill :checksum "2a6309d98aa6b71df6bbbcdf15cab3187c521a6b")
        (visual-regexp :checksum "48457d42a5e0fe10fa3a9c15854f1f127ade09b5")
        (migemo :checksum "f756cba3d5268968da361463c2e29b3a659a3de7")
        (prettier-js :checksum "e9b73e81d3e1642aec682195f127a42dfb0b5774")
        (emacs-async :checksum "5d365ffc6a2c2041657eaa5d762c395ea748c8d7")
        (symbol-overlay :checksum "8629a4ddbe95d42c39ce817d724877deb1984ba1")
        (doom-modeline :checksum "56876e64d92fa1aa2d569831a126e1a26ce06849")
        (eldoc-eval :checksum "f6e639047d9b3695877e63dd3de8f24e704d6d23")
        (shrink-path :checksum "9d06c453d1537df46a4b703a29213cc7f7857aa0")
        (f :checksum "50af874cd19042f17c8686813d52569b1025c76a")
        (s :checksum "08661efb075d1c6b4fa812184c1e5e90c08795a9")
        (dash :checksum "da167c51e9fd167a48d06c7c0ee8e3ac7abd9718")
        (cp5022x :checksum "ea7327dd75e54539576916f592ae1be98179ae35")
        (ddskk :checksum "ce0517127586e26f95f94f45d22a832f40a28321")
        (doom-themes :checksum "3e6f5d9ce129ac6fc0f466eb6f5518593625578f")
        (all-the-icons :checksum "c0d288a41faea2ecb7e8dd947486764a2ee17ec9")
        (memoize :checksum "51b075935ca7070f62fae1d69fe0ff7d8fa56fdd")
        (el-get-lock :checksum "df8cfe55441695865a64b97946750b6413a40425")))
(setq el-get-lock-locked-packages 'nil)
(setq el-get-lock-unlocked-packages
      '(seq el-get))
