(setq el-get-lock-package-versions
      '((compat :checksum "1573aa2e6d478c30cc7f394b72cbaa4db77ef811")
        (lsp-bridge :checksum "d9457d33a089699c8c5ba750b65afcb926bd3b9a")
        (copilot :checksum "3b78e9b6fd7b7e78180a795affdfbbe89af2ccec")
        (eldoc-box :checksum "5b893437c8594028653d676015bb580574d9f0e1")
        (eglot :checksum "e501275e06952889056268dabe08ccd0dbaf23e5")
        (consult-tramp :checksum "befa62baca768caa457b167e773b91f1bc7d661f")
        (corfu :checksum "42f777680ee50fa1328326c7be0c045e9c3ccb69")
        (corfu-doc :checksum "da931367802d01e87e1e496ba5b51aa9126a705d")
        (docker-tramp :checksum "930d7b46c180d8a13240a028c1b40af84f2a3219")
        (lsp-docker :checksum "a0d7cbf80652429c0be4dc7d39e1887ba4691ec7")
        (initchart :checksum "2df1fbc965c5ef82906a0fa76b3517c5831d3581")
        (esup :checksum "4b49c8d599d4cc0fbf994e9e54a9c78e5ab62a5f")
        (consult-dir :checksum "8abf62df088de87175e98adf8f6f5fb93515004c")
        (consult-flycheck :checksum "9b40f136c017fadf6239d7602d16bf73b4ad5198")
        (sudo-edit :checksum "74eb1e6986461baed9a9269566ff838530b4379b")
        (consult-ls-git :checksum "f2398b354994e583ad22af324a129cf94d06009e")
        (embark :checksum "5d0459d27aa7cf738b5af36cf862723a62bef955")
        (orderless :checksum "8b9af2796fa0eb87eea4140bc08d16880a493803")
        (marginalia :checksum "69442c2d9472b665f698f67426cd255f6c0620a3")
        (consult :checksum "ad6cceb95eaa72f996bb8f0ccd6054f626d35f3b")
        (vertico :checksum "ae6603c351eb075b7fca0cb31c029817a57b1973")
        (gcmh :checksum "0089f9c3a6d4e9a310d0791cf6fa8f35642ecfd9")
        (with-eval-after-load-feature-el :checksum "0b38651a5f0dafdfe04bd0032eb5ff803e99460b")
        (forge :checksum "6a820a424465900b0cc7bc54ccdad6491764e581")
        (closql :checksum "46b3020acf6655fd8abb4ef60e090629ee33e8c3")
        (esqlite :checksum "08a779a821f8d32c1a1985d8d9eb6cf21646ce2e")
        (pcsv :checksum "798e0933f8d0818beb17aebf3b1056bbf74e03d0")
        (ghub :checksum "4e5bb75305a763ef9ccfc1971b3cba4520f290d7")
        (treepy :checksum "3ac940e97f3d03e48ca9d7fcd74916a9b01c72f3")
        (emacsql :checksum "373975cbccf7776af771e23f86043b236a330702")
        (yaml :checksum "73fde9d8fbbaf2596449285df9eb412ae9dd74d9")
        (mermaid-mode :checksum "562ffe86cad91627e2b94b8684818562c3ad2b5d")
        (tree-mode :checksum "b06078826d5875d74b0e7b7ac47b0d0917610534")
        (with-editor :checksum "1d5860cfd05d6805018bd071b8f9b56493ba11c6")
        (terminal-here :checksum "4bf2a77e450b260570033afda463e178fdf34617")
        (emacs-sql-indent :checksum "d6f451dc09fb1a6f38a8327cf46ef246431afbd9")
        (editorconfig :checksum "1f6f16c24fd0030322d59c2853067a6dccc9e736")
        (recentf-ext :checksum "95f81dfac24d3f67002024f0a24e6b997bf6d647")
        (plantuml-mode :checksum "5889166b6cfe94a37532ea27fc8de13be2ebfd02")
        (po-mode :checksum "3c97f0d391751956fdcf9f4c858d45c60405dd35")
        (nginx-mode :checksum "6e9d96f58eddd69f62f7fd443d9b9753e16e0e96")
        (emacs-id-manager :checksum "bbccd544fd1ced59a605b3814480cef7cc3b9afa")
        (sqlite-dump :checksum "ca0bc945cd2dc5db6a5e27ec01ae77e1c3a83fa5")
        (emacs-inertial-scroll :checksum "c0bdcc3f3196610d98ea90210cc16f1e68250d15")
        (scratch-pop :checksum "cbe842fd78e4b742ece9fc493ebf43e69d872866")
        (auto-save-buffers-enhanced :checksum "461e8c816c1b7c650be5f209078b381fe55da8c6")
        (popwin :checksum "71a0ab27b13733df0fa37fd1a5fcba8799a35df9")
        (twittering-mode :checksum "114891e8fdb4f06b1326a6cf795e49c205cf9e29")
        (mew :checksum "fc4bca6d95d8b8d5e169ecf1433d968c2eec299d")
        (dockerfile-mode :checksum "52c6c00da1d31c0b6c29c74335b3af63ed6bf06c")
        (lsp-haskell :checksum "485c1148ce4d27030bb95b21c7289809294e7d31")
        (haskell-mode :checksum "5a9f8072c7b9168f0a8409adf9d62a3e4ad4ea3d")
        (csharp-mode :checksum "6e9d1f6b9900d3b8aa4106abf84a89311dfed85f")
        (csv-mode :checksum "d10d68c382e17960fc9aaef072fd18a23ea92a86")
        (groovy-mode :checksum "c612ac1e9f742856914ad6e8eb9e9dc169f489ab")
        (phpstan :checksum "0869b152f82a76138daa53e953285936b9d558bd")
        (phpactor :checksum "272217fbb6b7e7f70615fc518d77c6d75f33a44f")
        (composer :checksum "7c7f89df226cac69664d7eca5e913b544dc475c5")
        (php-skeleton :checksum "208202c772be1320857d7b1ade9be28a8ddb35e5")
        (php-runtime :checksum "017e0e70f07d6b25e37d5c5f4d271a914b677631")
        (php-mode :checksum "d01cfc9cd51706e076bf7e5cbf0cfa7ee885efb4")
        (yaml-mode :checksum "535273d5a1eb76999d20afbcf4d9f056d8ffd2da")
        (web-mode :checksum "9fdbfa0eeee40e4a3bcf990c81203dce7e028c67")
        (web-completion-data :checksum "c272c94e8a71b779c29653a532f619acad433a4f")
        (tide :checksum "4cf6a0d89da7f946565a425a632ee2410a40c7da")
        (typescript-mode :checksum "d79551c67ff5f2bd5f651eb411cdc66ceeb787e3")
        (json-mode :checksum "eedb4560034f795a7950fa07016bd4347c368873")
        (json-snatcher :checksum "b28d1c0670636da6db508d03872d96ffddbc10f2")
        (json-reformat :checksum "8eb6668ed447988aea06467ba8f42e1f2178246f")
        (js2-mode :checksum "841cfec9570ae06a67a131997e2aff32340e81d7")
        (lsp-ui :checksum "d8cce7dc154aa3216c080dd5c6fb827bdba9a312")
        (lsp-java :checksum "c005c2f8d10d1b39cfd1e1a4ebd572fccaff1588")
        (dap-mode :checksum "7f924d7feacb2c271e5cde179f6fe1c390a78223")
        (lsp-treemacs :checksum "9859326df6b8e8c954a3c227e53b6878e54aaae8")
        (lsp-mode :checksum "7153b3d8648e8bad780df2dc2801170f943c5c9d")
        (posframe :checksum "0d23bc5f7cfac00277d83ae7ba52c48685bcbc68")
        (bui :checksum "f3a137628e112a91910fd33c0cff0948fa58d470")
        (treemacs :checksum "89ade54c0e96f1c6f6abe5c5373c46c3355c91be")
        (ace-window :checksum "0577c426a9833ab107bab46c60d1885c611b2fb9")
        (avy :checksum "ba5f035be33693d1a136a5cbeedb24327f551a92")
        (hydra :checksum "9e9e00cb240ea1903ffd36a54956b3902c379d29")
        (pfuture :checksum "f9e67bd7edbd5b4e033efd82c0acc4a85ff860a8")
        (flycheck :checksum "600b3bffda3862121d96bbc5c1f8990fa9033a82")
        (pkg-info :checksum "76ba7415480687d05a4353b27fea2ae02b8d9d61")
        (epl :checksum "78ab7a85c08222cd15582a298a364774e3282ce6")
        (ht :checksum "c4c1be487d6ecb353d07881526db05d7fc90ea87")
        (spinner :checksum "bca794fa6f6b007292cdac9b0a850a3711986db5")
        (request :checksum "91313f1e00302b7e60d2043d8104bccf72aae80b")
        (deferred :checksum "2239671d94b38d92e9b28d4e12fd79814cfb9c16")
        (markdown-mode :checksum "3f1c61b25cb0677122414e9ea14064a13e548c36")
        (frame-local :checksum "7ee1106c3bcd4022f48421f8cb1ef4f995da816e")
        (helm-swoop :checksum "1b3285791f1dc1fde548fe67aec07214d698fd57")
        (wgrep :checksum "f9687c28bbc2e84f87a479b6ce04407bb97cfb23")
        (helm-descbinds :checksum "b72515982396b6e336ad7beb6767e95a80fca192")
        (helm-ls-git :checksum "ae2202fbbbe11873ad4b393a6959da50ac250c1e")
        (helm :checksum "4e99cc8ef66aac2d824c456f58abe833be26c99d")
        (howm :checksum "9982e74e212014bc8ed67bbe780eb6ca55dc5298")
        (magit :checksum "c1def981857614f737561ff38bac89fc19d4bc21")
        (transient :checksum "6b9c93af9c1d1646be4445656c46ee9390c9f129")
        (smart-jump :checksum "3392eb35e3cde37e6f5f2a48dc0db15ca535143c")
        (dumb-jump :checksum "0a783d1db610ff1dc4e1b7869589cff16ff92f7a")
        (popup :checksum "34c2684a6fb9a98683951b4a68f542622d17952f")
        (multiple-cursors :checksum "1e4842d1297241a5277bfd5c7bfab9e8711da60a")
        (expand-region :checksum "c5c4362741deebb0985a8a29f9b8b0e25160764a")
        (yasnippet-snippets :checksum "cd665c9cba4bab646f6d50ac098bee63573a4ca5")
        (yasnippet :checksum "5cbdbf0d2015540c59ed8ee0fcf4788effdf75b6")
        (easy-kill :checksum "de7d66c3c864a4722a973ee9bc228a14be49ba0c")
        (visual-regexp :checksum "48457d42a5e0fe10fa3a9c15854f1f127ade09b5")
        (migemo :checksum "f756cba3d5268968da361463c2e29b3a659a3de7")
        (prettier-js :checksum "e9b73e81d3e1642aec682195f127a42dfb0b5774")
        (emacs-async :checksum "73f825fd739875e4b8e10d47d497df402bbb61e7")
        (symbol-overlay :checksum "c439b73a5f9713bb3dce98986b589bb901e22130")
        (doom-modeline :checksum "c7304c6bc977ab0452cb10264f34e2e4c95dbd9a")
        (eldoc-eval :checksum "e91800503c90cb75dc70abe42f1d6ae499346cc1")
        (shrink-path :checksum "9d06c453d1537df46a4b703a29213cc7f7857aa0")
        (f :checksum "85c91f95f8b98e153fd959ae467b46bf79622c5d")
        (s :checksum "ff1cc7df7f3bdda3415e1b87f0d0de451c9ee6b4")
        (dash :checksum "0ac1ecf6b56eb67bb81a3cf70f8d4354b5782341")
        (cp5022x :checksum "ea7327dd75e54539576916f592ae1be98179ae35")
        (ddskk :checksum "ce0517127586e26f95f94f45d22a832f40a28321")
        (doom-themes :checksum "aa13e7fc713d458f46f4ab7cce367fd30d801765")
        (all-the-icons :checksum "51bf77da1ebc3c199dfc11f54c0dce67559f5f40")
        (memoize :checksum "51b075935ca7070f62fae1d69fe0ff7d8fa56fdd")
        (el-get-lock :checksum "df8cfe55441695865a64b97946750b6413a40425")))
(setq el-get-lock-locked-packages 'nil)
(setq el-get-lock-unlocked-packages
      '(seq el-get))
